{
    "_meta": {
        "hash": {
            "sha256": "db03680fb4aa138fc0805a2edad2e707ba5772fb8ba05f01290bfebceb52cc5a"
        },
        "host-environment-markers": {
            "implementation_name": "cpython",
            "implementation_version": "0",
            "os_name": "nt",
            "platform_machine": "AMD64",
            "platform_python_implementation": "CPython",
            "platform_release": "10",
            "platform_system": "Windows",
            "platform_version": "10.0.16299",
            "python_full_version": "2.7.12",
            "python_version": "2.7",
            "sys_platform": "win32"
        },
        "pipfile-spec": 6,
        "requires": {},
        "sources": [
            {
                "name": "pypi",
                "url": "https://pypi.python.org/simple",
                "verify_ssl": true
            }
        ]
    },
    "default": {
        "backports.functools-lru-cache": {
            "hashes": [
                "sha256:4ba998e881f285c1d1b73f5b6e3766539b4e162320f9589334400c5ddc35198c",
                "sha256:31f235852f88edc1558d428d890663c49eb4514ffec9f3650e7f3c9e4a12e36f"
            ],
            "version": "==1.4"
        },
        "certifi": {
            "hashes": [
                "sha256:244be0d93b71e93fc0a0a479862051414d0e00e16435707e5bf5000f92e04694",
                "sha256:5ec74291ca1136b40f0379e1128ff80e866597e4e2c1e755739a913bbc3613c0"
            ],
            "version": "==2017.11.5"
        },
        "chardet": {
            "hashes": [
                "sha256:fc323ffcaeaed0e0a02bf4d117757b98aed530d9ed4531e3e15460124c106691",
                "sha256:84ab92ed1c4d4f16916e05906b6b75a6c0fb5db821cc65e70cbd64a3e2a5eaae"
            ],
            "version": "==3.0.4"
        },
        "colorama": {
            "hashes": [
                "sha256:463f8483208e921368c9f306094eb6f725c6ca42b0f97e313cb5d5512459feda",
                "sha256:48eb22f4f8461b1df5734a074b57042430fb06e1d61bd1e11b078c0fe6d7a1f1"
            ],
            "version": "==0.3.9"
        },
        "configparser": {
            "hashes": [
                "sha256:5308b47021bc2340965c371f0f058cc6971a04502638d4244225c49d80db273a"
            ],
            "version": "==3.5.0"
        },
        "crayons": {
            "hashes": [
                "sha256:6f51241d0c4faec1c04c1c0ac6a68f1d66a4655476ce1570b3f37e5166a599cc",
                "sha256:5e17691605e564d63482067eb6327d01a584bbaf870beffd4456a3391bd8809d"
            ],
            "version": "==0.1.2"
        },
        "future": {
            "hashes": [
                "sha256:e39ced1ab767b5936646cedba8bcce582398233d6a627067d4c6a454c90cfedb"
            ],
            "version": "==0.16.0"
        },
        "idna": {
            "hashes": [
                "sha256:8c7309c718f94b3a625cb648ace320157ad16ff131ae0af362c9f21b80ef6ec4",
                "sha256:2c6a5de3089009e3da7c5dde64a141dbc8551d5b7f6cf4ed7c2568d0cc520a8f"
            ],
            "version": "==2.6"
        },
        "requests": {
            "hashes": [
                "sha256:6a1b267aa90cac58ac3a765d067950e7dbbf75b1da07e895d1f594193a40a38b",
                "sha256:9c443e7324ba5b85070c4a818ade28bfabedf16ea10206da1132edaa6dda237e"
            ],
            "version": "==2.18.4"
        },
        "selenium": {
            "hashes": [
                "sha256:b1af142650ed7025f906349ae0d7ed1f1a1e635e6ce7ac67e2b2f854f9f8fdc1",
                "sha256:53929418a41295b526fbb68e43bc32fe93c3ef99c030b9e705caf1de486440de"
            ],
            "version": "==2.53.1"
        },
        "six": {
            "hashes": [
                "sha256:832dc0e10feb1aa2c68dcc57dbb658f1c7e65b9b61af69048abc87a2db00a0eb",
                "sha256:70e8a77beed4562e7f14fe23a786b54f6296e34344c23bc42f07b15018ff98e9"
            ],
            "version": "==1.11.0"
        },
        "urllib3": {
            "hashes": [
                "sha256:06330f386d6e4b195fbfc736b297f58c5a892e4440e54d294d7004e3a9bbea1b",
                "sha256:cc44da8e1145637334317feebd728bd869a35285b93cbb4cca2577da7e62db4f"
            ],
            "version": "==1.22"
        },
        "webdriver-manager": {
            "hashes": [
                "sha256:215cee4acb4da48de9c44bee5cab401915c76f6cbe8cd322bf3d0c5687cac194"
            ],
            "version": "==1.4.5"
        }
    },
    "develop": {
        "attrs": {
            "hashes": [
                "sha256:e7d51b70f19a4da5fe6b3c9938983e0af3b91e230edc504bd73c443d98037063",
                "sha256:c78f53e32d7cf36d8597c8a2c7e3c0ad210f97b9509e152e4c37fa80869f823c"
            ],
            "version": "==17.3.0"
        },
        "certifi": {
            "hashes": [
                "sha256:244be0d93b71e93fc0a0a479862051414d0e00e16435707e5bf5000f92e04694",
                "sha256:5ec74291ca1136b40f0379e1128ff80e866597e4e2c1e755739a913bbc3613c0"
            ],
            "version": "==2017.11.5"
        },
        "chardet": {
            "hashes": [
                "sha256:fc323ffcaeaed0e0a02bf4d117757b98aed530d9ed4531e3e15460124c106691",
                "sha256:84ab92ed1c4d4f16916e05906b6b75a6c0fb5db821cc65e70cbd64a3e2a5eaae"
            ],
            "version": "==3.0.4"
        },
        "codecov": {
            "hashes": [
                "sha256:4944881fa25915e761f2fc9e3dad8a8ee2412b0e01704c9f816cfe214ea73eda",
                "sha256:5bcebc1167ef8773698bc3b742ee579128d482530a72244029630f262de49bca"
            ],
            "version": "==2.0.10"
        },
        "colorama": {
            "hashes": [
                "sha256:463f8483208e921368c9f306094eb6f725c6ca42b0f97e313cb5d5512459feda",
                "sha256:48eb22f4f8461b1df5734a074b57042430fb06e1d61bd1e11b078c0fe6d7a1f1"
            ],
            "markers": "sys_platform == 'win32'",
            "version": "==0.3.9"
        },
        "coverage": {
            "hashes": [
                "sha256:d1ee76f560c3c3e8faada866a07a32485445e16ed2206ac8378bd90dadffb9f0",
                "sha256:007eeef7e23f9473622f7d94a3e029a45d55a92a1f083f0f3512f5ab9a669b05",
                "sha256:17307429935f96c986a1b1674f78079528833410750321d22b5fb35d1883828e",
                "sha256:845fddf89dca1e94abe168760a38271abfc2e31863fbb4ada7f9a99337d7c3dc",
                "sha256:3f4d0b3403d3e110d2588c275540649b1841725f5a11a7162620224155d00ba2",
                "sha256:4c4f368ffe1c2e7602359c2c50233269f3abe1c48ca6b288dcd0fb1d1c679733",
                "sha256:f8c55dd0f56d3d618dfacf129e010cbe5d5f94b6951c1b2f13ab1a2f79c284da",
                "sha256:cdd92dd9471e624cd1d8c1a2703d25f114b59b736b0f1f659a98414e535ffb3d",
                "sha256:2ad357d12971e77360034c1596011a03f50c0f9e1ecd12e081342b8d1aee2236",
                "sha256:e9a0e1caed2a52f15c96507ab78a48f346c05681a49c5b003172f8073da6aa6b",
                "sha256:eea9135432428d3ca7ee9be86af27cb8e56243f73764a9b6c3e0bda1394916be",
                "sha256:700d7579995044dc724847560b78ac786f0ca292867447afda7727a6fbaa082e",
                "sha256:66f393e10dd866be267deb3feca39babba08ae13763e0fc7a1063cbe1f8e49f6",
                "sha256:5ff16548492e8a12e65ff3d55857ccd818584ed587a6c2898a9ebbe09a880674",
                "sha256:d00e29b78ff610d300b2c37049a41234d48ea4f2d2581759ebcf67caaf731c31",
                "sha256:87d942863fe74b1c3be83a045996addf1639218c2cb89c5da18c06c0fe3917ea",
                "sha256:358d635b1fc22a425444d52f26287ae5aea9e96e254ff3c59c407426f44574f4",
                "sha256:81912cfe276e0069dca99e1e4e6be7b06b5fc8342641c6b472cb2fed7de7ae18",
                "sha256:079248312838c4c8f3494934ab7382a42d42d5f365f0cf7516f938dbb3f53f3f",
                "sha256:b0059630ca5c6b297690a6bf57bf2fdac1395c24b7935fd73ee64190276b743b",
                "sha256:493082f104b5ca920e97a485913de254cbe351900deed72d4264571c73464cd0",
                "sha256:e3ba9b14607c23623cf38f90b23f5bed4a3be87cbfa96e2e9f4eabb975d1e98b",
                "sha256:82cbd3317320aa63c65555aa4894bf33a13fb3a77f079059eb5935eea415938d",
                "sha256:9721f1b7275d3112dc7ccf63f0553c769f09b5c25a26ee45872c7f5c09edf6c1",
                "sha256:bd4800e32b4c8d99c3a2c943f1ac430cbf80658d884123d19639bcde90dad44a",
                "sha256:f29841e865590af72c4b90d7b5b8e93fd560f5dea436c1d5ee8053788f9285de",
                "sha256:f3a5c6d054c531536a83521c00e5d4004f1e126e2e2556ce399bef4180fbe540",
                "sha256:dd707a21332615108b736ef0b8513d3edaf12d2a7d5fc26cd04a169a8ae9b526",
                "sha256:2e1a5c6adebb93c3b175103c2f855eda957283c10cf937d791d81bef8872d6ca",
                "sha256:f87f522bde5540d8a4b11df80058281ac38c44b13ce29ced1e294963dd51a8f8",
                "sha256:a7cfaebd8f24c2b537fa6a271229b051cdac9c1734bb6f939ccfc7c055689baa",
                "sha256:309d91bd7a35063ec7a0e4d75645488bfab3f0b66373e7722f23da7f5b0f34cc",
                "sha256:0388c12539372bb92d6dde68b4627f0300d948965bbb7fc104924d715fdc0965",
                "sha256:ab3508df9a92c1d3362343d235420d08e2662969b83134f8a97dc1451cbe5e84",
                "sha256:43a155eb76025c61fc20c3d03b89ca28efa6f5be572ab6110b2fb68eda96bfea",
                "sha256:f98b461cb59f117887aa634a66022c0bd394278245ed51189f63a036516e32de",
                "sha256:b6cebae1502ce5b87d7c6f532fa90ab345cfbda62b95aeea4e431e164d498a3d",
                "sha256:a4497faa4f1c0fc365ba05eaecfb6b5d24e3c8c72e95938f9524e29dadb15e76",
                "sha256:2b4d7f03a8a6632598cbc5df15bbca9f778c43db7cf1a838f4fa2c8599a8691a",
                "sha256:1afccd7e27cac1b9617be8c769f6d8a6d363699c9b86820f40c74cfb3328921c"
            ],
            "version": "==4.4.2"
        },
        "funcsigs": {
            "hashes": [
                "sha256:330cc27ccbf7f1e992e69fef78261dc7c6569012cf397db8d3de0234e6c937ca",
                "sha256:a7bb0f2cf3a3fd1ab2732cb49eba4252c2af4240442415b4abce3b87022a8f50"
            ],
            "markers": "python_version < '3.0'",
            "version": "==1.0.2"
        },
        "idna": {
            "hashes": [
                "sha256:8c7309c718f94b3a625cb648ace320157ad16ff131ae0af362c9f21b80ef6ec4",
                "sha256:2c6a5de3089009e3da7c5dde64a141dbc8551d5b7f6cf4ed7c2568d0cc520a8f"
            ],
            "version": "==2.6"
        },
        "pluggy": {
            "hashes": [
                "sha256:7f8ae7f5bdf75671a718d2daf0a64b7885f74510bcd98b1a0bb420eb9a9d0cff"
            ],
            "version": "==0.6.0"
        },
        "py": {
            "hashes": [
                "sha256:8cca5c229d225f8c1e3085be4fcf306090b00850fefad892f9d96c7b6e2f310f",
                "sha256:ca18943e28235417756316bfada6cd96b23ce60dd532642690dcfdaba988a76d"
            ],
            "version": "==1.5.2"
        },
        "pytest": {
            "hashes": [
                "sha256:ae4a2d0bae1098bbe938ecd6c20a526d5d47a94dc42ad7331c9ad06d0efe4962",
                "sha256:cf8436dc59d8695346fcd3ab296de46425ecab00d64096cebe79fb51ecb2eb93"
            ],
            "version": "==3.3.1"
        },
        "pytest-cov": {
            "hashes": [
                "sha256:890fe5565400902b0c78b5357004aab1c814115894f4f21370e2433256a3eeec",
                "sha256:03aa752cf11db41d281ea1d807d954c4eda35cfa1b21d6971966cc041bbf6e2d"
            ],
            "version": "==2.5.1"
        },
        "requests": {
            "hashes": [
                "sha256:6a1b267aa90cac58ac3a765d067950e7dbbf75b1da07e895d1f594193a40a38b",
                "sha256:9c443e7324ba5b85070c4a818ade28bfabedf16ea10206da1132edaa6dda237e"
            ],
            "version": "==2.18.4"
        },
        "six": {
            "hashes": [
                "sha256:832dc0e10feb1aa2c68dcc57dbb658f1c7e65b9b61af69048abc87a2db00a0eb",
                "sha256:70e8a77beed4562e7f14fe23a786b54f6296e34344c23bc42f07b15018ff98e9"
            ],
            "version": "==1.11.0"
        },
        "urllib3": {
            "hashes": [
                "sha256:06330f386d6e4b195fbfc736b297f58c5a892e4440e54d294d7004e3a9bbea1b",
                "sha256:cc44da8e1145637334317feebd728bd869a35285b93cbb4cca2577da7e62db4f"
            ],
            "version": "==1.22"
        }
    }
}
